
Microsoft Visual Studio Solution File, Format Version 12.00
# Visual Studio Version 16
VisualStudioVersion = 16.0.29709.97
MinimumVisualStudioVersion = 10.0.40219.1
Project("{FAE04EC0-301F-11D3-BF4B-00C04F79EFBC}") = "XML Mapper", "XML Mapper\XML Mapper.csproj", "{23A2BE51-F0D7-4D3B-9E8C-9780F8D3D297}"
EndProject
Global
	GlobalSection(SolutionConfigurationPlatforms) = preSolution
		Debug|Any CPU = Debug|Any CPU
		Release|Any CPU = Release|Any CPU
	EndGlobalSection
	GlobalSection(ProjectConfigurationPlatforms) = postSolution
		{23A2BE51-F0D7-4D3B-9E8C-9780F8D3D297}.Debug|Any CPU.ActiveCfg = Debug|Any CPU
		{23A2BE51-F0D7-4D3B-9E8C-9780F8D3D297}.Debug|Any CPU.Build.0 = Debug|Any CPU
		{23A2BE51-F0D7-4D3B-9E8C-9780F8D3D297}.Release|Any CPU.ActiveCfg = Release|Any CPU
		{23A2BE51-F0D7-4D3B-9E8C-9780F8D3D297}.Release|Any CPU.Build.0 = Release|Any CPU
	EndGlobalSection
	GlobalSection(SolutionProperties) = preSolution
		HideSolutionNode = FALSE
	EndGlobalSection
	GlobalSection(ExtensibilityGlobals) = postSolution
		SolutionGuid = {62BC29E8-0EC7-4907-AA21-446A98D38C1D}
	EndGlobalSection
EndGlobal
